
Microsoft Visual Studio Solution File, Format Version 12.00
# Visual Studio Version 17
VisualStudioVersion = 17.10.35027.167
MinimumVisualStudioVersion = 10.0.40219.1
Project("{FAE04EC0-301F-11D3-BF4B-00C04F79EFBC}") = "FBForReal", "FBForReal.csproj", "{A6414E58-8D99-4E17-B660-E189A2D4FFD7}"
EndProject
Global
	GlobalSection(SolutionConfigurationPlatforms) = preSolution
		Debug|Any CPU = Debug|Any CPU
		Release|Any CPU = Release|Any CPU
	EndGlobalSection
	GlobalSection(ProjectConfigurationPlatforms) = postSolution
		{A6414E58-8D99-4E17-B660-E189A2D4FFD7}.Debug|Any CPU.ActiveCfg = Debug|Any CPU
		{A6414E58-8D99-4E17-B660-E189A2D4FFD7}.Debug|Any CPU.Build.0 = Debug|Any CPU
		{A6414E58-8D99-4E17-B660-E189A2D4FFD7}.Release|Any CPU.ActiveCfg = Release|Any CPU
		{A6414E58-8D99-4E17-B660-E189A2D4FFD7}.Release|Any CPU.Build.0 = Release|Any CPU
	EndGlobalSection
	GlobalSection(SolutionProperties) = preSolution
		HideSolutionNode = FALSE
	EndGlobalSection
	GlobalSection(ExtensibilityGlobals) = postSolution
		SolutionGuid = {7915FAD4-B795-4418-8C2D-8BBD6321934A}
	EndGlobalSection
EndGlobal
